// !$*UTF8*$!
{
	archiveVersion = 1;
	classes = {
	};
	objectVersion = 46;
	objects = {

/* Begin PBXBuildFile section */
		594A55251E81517B006CC5EE /* MiniChamberVC.swift in Sources */ = {isa = PBXBuildFile; fileRef = 594A55241E81517B006CC5EE /* MiniChamberVC.swift */; };
		594A55271E817D75006CC5EE /* MiniChamber Background.png in Resources */ = {isa = PBXBuildFile; fileRef = 594A55261E817D75006CC5EE /* MiniChamber Background.png */; };
		594A55291E817D89006CC5EE /* lora in Resources */ = {isa = PBXBuildFile; fileRef = 594A55281E817D89006CC5EE /* lora */; };
		594A552B1E819481006CC5EE /* OP presents II.png in Resources */ = {isa = PBXBuildFile; fileRef = 594A552A1E819481006CC5EE /* OP presents II.png */; };
		594A55311E819874006CC5EE /* Mini Chamber.png in Resources */ = {isa = PBXBuildFile; fileRef = 594A55301E819874006CC5EE /* Mini Chamber.png */; };
		5958C4DB1E8BFD78008D7767 /* Headphone Icon 4.png in Resources */ = {isa = PBXBuildFile; fileRef = 5958C4DA1E8BFD78008D7767 /* Headphone Icon 4.png */; };
		596747AF1EA137E6001529FA /* RecordVC.swift in Sources */ = {isa = PBXBuildFile; fileRef = 596747AE1EA137E6001529FA /* RecordVC.swift */; };
		59D6AA021E953C6F0049DA8E /* RoundButton.swift in Sources */ = {isa = PBXBuildFile; fileRef = 59D6AA011E953C6F0049DA8E /* RoundButton.swift */; };
		59F147451E648A2200864723 /* AppDelegate.swift in Sources */ = {isa = PBXBuildFile; fileRef = 59F147441E648A2200864723 /* AppDelegate.swift */; };
		59F147471E648A2200864723 /* ViewController.swift in Sources */ = {isa = PBXBuildFile; fileRef = 59F147461E648A2200864723 /* ViewController.swift */; };
		59F1474A1E648A2700864723 /* Main.storyboard in Resources */ = {isa = PBXBuildFile; fileRef = 59F147481E648A2700864723 /* Main.storyboard */; };
		59F1474C1E648A3200864723 /* Assets.xcassets in Resources */ = {isa = PBXBuildFile; fileRef = 59F1474B1E648A3200864723 /* Assets.xcassets */; };
		59F1474F1E648A3500864723 /* LaunchScreen.storyboard in Resources */ = {isa = PBXBuildFile; fileRef = 59F1474D1E648A3500864723 /* LaunchScreen.storyboard */; };
		59F1475A1E648A4600864723 /* Mini_ChamberTests.swift in Sources */ = {isa = PBXBuildFile; fileRef = 59F147591E648A4600864723 /* Mini_ChamberTests.swift */; };
		59F147651E648A4900864723 /* Mini_ChamberUITests.swift in Sources */ = {isa = PBXBuildFile; fileRef = 59F147641E648A4900864723 /* Mini_ChamberUITests.swift */; };
		59F147731E648B8400864723 /* AudioKit.framework in Frameworks */ = {isa = PBXBuildFile; fileRef = 59F147721E648B8400864723 /* AudioKit.framework */; };
		59F147741E648B8400864723 /* AudioKit.framework in Embed Frameworks */ = {isa = PBXBuildFile; fileRef = 59F147721E648B8400864723 /* AudioKit.framework */; settings = {ATTRIBUTES = (CodeSignOnCopy, RemoveHeadersOnCopy, ); }; };
/* End PBXBuildFile section */

/* Begin PBXContainerItemProxy section */
		59F147561E648A4500864723 /* PBXContainerItemProxy */ = {
			isa = PBXContainerItemProxy;
			containerPortal = 59F147391E648A1C00864723 /* Project object */;
			proxyType = 1;
			remoteGlobalIDString = 59F147401E648A1C00864723;
			remoteInfo = "Mini Chamber";
		};
		59F147611E648A4900864723 /* PBXContainerItemProxy */ = {
			isa = PBXContainerItemProxy;
			containerPortal = 59F147391E648A1C00864723 /* Project object */;
			proxyType = 1;
			remoteGlobalIDString = 59F147401E648A1C00864723;
			remoteInfo = "Mini Chamber";
		};
/* End PBXContainerItemProxy section */

/* Begin PBXCopyFilesBuildPhase section */
		59F147751E648B8400864723 /* Embed Frameworks */ = {
			isa = PBXCopyFilesBuildPhase;
			buildActionMask = 2147483647;
			dstPath = "";
			dstSubfolderSpec = 10;
			files = (
				59F147741E648B8400864723 /* AudioKit.framework in Embed Frameworks */,
			);
			name = "Embed Frameworks";
			runOnlyForDeploymentPostprocessing = 0;
		};
/* End PBXCopyFilesBuildPhase section */

/* Begin PBXFileReference section */
		594A55241E81517B006CC5EE /* MiniChamberVC.swift */ = {isa = PBXFileReference; fileEncoding = 4; lastKnownFileType = sourcecode.swift; path = MiniChamberVC.swift; sourceTree = "<group>"; };
		594A55261E817D75006CC5EE /* MiniChamber Background.png */ = {isa = PBXFileReference; lastKnownFileType = image.png; path = "MiniChamber Background.png"; sourceTree = "<group>"; };
		594A55281E817D89006CC5EE /* lora */ = {isa = PBXFileReference; lastKnownFileType = folder; path = lora; sourceTree = "<group>"; };
		594A552A1E819481006CC5EE /* OP presents II.png */ = {isa = PBXFileReference; lastKnownFileType = image.png; path = "OP presents II.png"; sourceTree = "<group>"; };
		594A55301E819874006CC5EE /* Mini Chamber.png */ = {isa = PBXFileReference; lastKnownFileType = image.png; path = "Mini Chamber.png"; sourceTree = "<group>"; };
		5958C4DA1E8BFD78008D7767 /* Headphone Icon 4.png */ = {isa = PBXFileReference; lastKnownFileType = image.png; path = "Headphone Icon 4.png"; sourceTree = "<group>"; };
		596747AE1EA137E6001529FA /* RecordVC.swift */ = {isa = PBXFileReference; fileEncoding = 4; lastKnownFileType = sourcecode.swift; path = RecordVC.swift; sourceTree = "<group>"; };
		59D6AA011E953C6F0049DA8E /* RoundButton.swift */ = {isa = PBXFileReference; fileEncoding = 4; lastKnownFileType = sourcecode.swift; name = RoundButton.swift; path = "Mini Chamber/RoundButton.swift"; sourceTree = "<group>"; };
		59F147411E648A2000864723 /* Mini Chamber.app */ = {isa = PBXFileReference; explicitFileType = wrapper.application; includeInIndex = 0; path = "Mini Chamber.app"; sourceTree = BUILT_PRODUCTS_DIR; };
		59F147441E648A2200864723 /* AppDelegate.swift */ = {isa = PBXFileReference; lastKnownFileType = sourcecode.swift; path = AppDelegate.swift; sourceTree = "<group>"; };
		59F147461E648A2200864723 /* ViewController.swift */ = {isa = PBXFileReference; lastKnownFileType = sourcecode.swift; path = ViewController.swift; sourceTree = "<group>"; };
		59F147491E648A2700864723 /* Base */ = {isa = PBXFileReference; lastKnownFileType = file.storyboard; name = Base; path = Base.lproj/Main.storyboard; sourceTree = "<group>"; };
		59F1474B1E648A3200864723 /* Assets.xcassets */ = {isa = PBXFileReference; lastKnownFileType = folder.assetcatalog; path = Assets.xcassets; sourceTree = "<group>"; };
		59F1474E1E648A3500864723 /* Base */ = {isa = PBXFileReference; lastKnownFileType = file.storyboard; name = Base; path = Base.lproj/LaunchScreen.storyboard; sourceTree = "<group>"; };
		59F147501E648A3800864723 /* Info.plist */ = {isa = PBXFileReference; lastKnownFileType = text.plist.xml; path = Info.plist; sourceTree = "<group>"; };
		59F147551E648A4500864723 /* Mini ChamberTests.xctest */ = {isa = PBXFileReference; explicitFileType = wrapper.cfbundle; includeInIndex = 0; path = "Mini ChamberTests.xctest"; sourceTree = BUILT_PRODUCTS_DIR; };
		59F147591E648A4600864723 /* Mini_ChamberTests.swift */ = {isa = PBXFileReference; lastKnownFileType = sourcecode.swift; path = Mini_ChamberTests.swift; sourceTree = "<group>"; };
		59F1475B1E648A4900864723 /* Info.plist */ = {isa = PBXFileReference; lastKnownFileType = text.plist.xml; path = Info.plist; sourceTree = "<group>"; };
		59F147601E648A4900864723 /* Mini ChamberUITests.xctest */ = {isa = PBXFileReference; explicitFileType = wrapper.cfbundle; includeInIndex = 0; path = "Mini ChamberUITests.xctest"; sourceTree = BUILT_PRODUCTS_DIR; };
		59F147641E648A4900864723 /* Mini_ChamberUITests.swift */ = {isa = PBXFileReference; lastKnownFileType = sourcecode.swift; path = Mini_ChamberUITests.swift; sourceTree = "<group>"; };
		59F147661E648A4900864723 /* Info.plist */ = {isa = PBXFileReference; lastKnownFileType = text.plist.xml; path = Info.plist; sourceTree = "<group>"; };
		59F147721E648B8400864723 /* AudioKit.framework */ = {isa = PBXFileReference; lastKnownFileType = wrapper.framework; path = AudioKit.framework; sourceTree = "<group>"; };
/* End PBXFileReference section */

/* Begin PBXFrameworksBuildPhase section */
		59F1473E1E648A1C00864723 /* Frameworks */ = {
			isa = PBXFrameworksBuildPhase;
			buildActionMask = 2147483647;
			files = (
				59F147731E648B8400864723 /* AudioKit.framework in Frameworks */,
			);
			runOnlyForDeploymentPostprocessing = 0;
		};
		59F147521E648A4500864723 /* Frameworks */ = {
			isa = PBXFrameworksBuildPhase;
			buildActionMask = 2147483647;
			files = (
			);
			runOnlyForDeploymentPostprocessing = 0;
		};
		59F1475D1E648A4900864723 /* Frameworks */ = {
			isa = PBXFrameworksBuildPhase;
			buildActionMask = 2147483647;
			files = (
			);
			runOnlyForDeploymentPostprocessing = 0;
		};
/* End PBXFrameworksBuildPhase section */

/* Begin PBXGroup section */
		59F147381E648A1C00864723 = {
			isa = PBXGroup;
			children = (
				59D6AA011E953C6F0049DA8E /* RoundButton.swift */,
				594A55301E819874006CC5EE /* Mini Chamber.png */,
				5958C4DA1E8BFD78008D7767 /* Headphone Icon 4.png */,
				59F147721E648B8400864723 /* AudioKit.framework */,
				59F147431E648A2100864723 /* Mini Chamber */,
				59F147581E648A4500864723 /* Mini ChamberTests */,
				59F147631E648A4900864723 /* Mini ChamberUITests */,
				59F147421E648A2000864723 /* Products */,
			);
			sourceTree = "<group>";
		};
		59F147421E648A2000864723 /* Products */ = {
			isa = PBXGroup;
			children = (
				59F147411E648A2000864723 /* Mini Chamber.app */,
				59F147551E648A4500864723 /* Mini ChamberTests.xctest */,
				59F147601E648A4900864723 /* Mini ChamberUITests.xctest */,
			);
			name = Products;
			sourceTree = "<group>";
		};
		59F147431E648A2100864723 /* Mini Chamber */ = {
			isa = PBXGroup;
			children = (
				59F147441E648A2200864723 /* AppDelegate.swift */,
				59F147461E648A2200864723 /* ViewController.swift */,
				594A55241E81517B006CC5EE /* MiniChamberVC.swift */,
				596747AE1EA137E6001529FA /* RecordVC.swift */,
				594A55281E817D89006CC5EE /* lora */,
				594A55261E817D75006CC5EE /* MiniChamber Background.png */,
				59F147481E648A2700864723 /* Main.storyboard */,
				594A552A1E819481006CC5EE /* OP presents II.png */,
				59F1474B1E648A3200864723 /* Assets.xcassets */,
				59F1474D1E648A3500864723 /* LaunchScreen.storyboard */,
				59F147501E648A3800864723 /* Info.plist */,
			);
			path = "Mini Chamber";
			sourceTree = "<group>";
		};
		59F147581E648A4500864723 /* Mini ChamberTests */ = {
			isa = PBXGroup;
			children = (
				59F147591E648A4600864723 /* Mini_ChamberTests.swift */,
				59F1475B1E648A4900864723 /* Info.plist */,
			);
			path = "Mini ChamberTests";
			sourceTree = "<group>";
		};
		59F147631E648A4900864723 /* Mini ChamberUITests */ = {
			isa = PBXGroup;
			children = (
				59F147641E648A4900864723 /* Mini_ChamberUITests.swift */,
				59F147661E648A4900864723 /* Info.plist */,
			);
			path = "Mini ChamberUITests";
			sourceTree = "<group>";
		};
/* End PBXGroup section */

/* Begin PBXNativeTarget section */
		59F147401E648A1C00864723 /* Mini Chamber */ = {
			isa = PBXNativeTarget;
			buildConfigurationList = 59F147691E648A4900864723 /* Build configuration list for PBXNativeTarget "Mini Chamber" */;
			buildPhases = (
				59F1473D1E648A1C00864723 /* Sources */,
				59F1473E1E648A1C00864723 /* Frameworks */,
				59F1473F1E648A1C00864723 /* Resources */,
				59F147751E648B8400864723 /* Embed Frameworks */,
			);
			buildRules = (
			);
			dependencies = (
			);
			name = "Mini Chamber";
			productName = "Mini Chamber";
			productReference = 59F147411E648A2000864723 /* Mini Chamber.app */;
			productType = "com.apple.product-type.application";
		};
		59F147541E648A4500864723 /* Mini ChamberTests */ = {
			isa = PBXNativeTarget;
			buildConfigurationList = 59F1476C1E648A4900864723 /* Build configuration list for PBXNativeTarget "Mini ChamberTests" */;
			buildPhases = (
				59F147511E648A4500864723 /* Sources */,
				59F147521E648A4500864723 /* Frameworks */,
				59F147531E648A4500864723 /* Resources */,
			);
			buildRules = (
			);
			dependencies = (
				59F147571E648A4500864723 /* PBXTargetDependency */,
			);
			name = "Mini ChamberTests";
			productName = "Mini ChamberTests";
			productReference = 59F147551E648A4500864723 /* Mini ChamberTests.xctest */;
			productType = "com.apple.product-type.bundle.unit-test";
		};
		59F1475F1E648A4900864723 /* Mini ChamberUITests */ = {
			isa = PBXNativeTarget;
			buildConfigurationList = 59F1476F1E648A4900864723 /* Build configuration list for PBXNativeTarget "Mini ChamberUITests" */;
			buildPhases = (
				59F1475C1E648A4900864723 /* Sources */,
				59F1475D1E648A4900864723 /* Frameworks */,
				59F1475E1E648A4900864723 /* Resources */,
			);
			buildRules = (
			);
			dependencies = (
				59F147621E648A4900864723 /* PBXTargetDependency */,
			);
			name = "Mini ChamberUITests";
			productName = "Mini ChamberUITests";
			productReference = 59F147601E648A4900864723 /* Mini ChamberUITests.xctest */;
			productType = "com.apple.product-type.bundle.ui-testing";
		};
/* End PBXNativeTarget section */

/* Begin PBXProject section */
		59F147391E648A1C00864723 /* Project object */ = {
			isa = PBXProject;
			attributes = {
				LastSwiftUpdateCheck = 0820;
				LastUpgradeCheck = 0820;
				ORGANIZATIONNAME = "Omar Peracha";
				TargetAttributes = {
					59F147401E648A1C00864723 = {
						CreatedOnToolsVersion = 8.2.1;
						DevelopmentTeam = 255A692Y6K;
						ProvisioningStyle = Automatic;
					};
					59F147541E648A4500864723 = {
						CreatedOnToolsVersion = 8.2.1;
						DevelopmentTeam = 255A692Y6K;
						ProvisioningStyle = Automatic;
						TestTargetID = 59F147401E648A1C00864723;
					};
					59F1475F1E648A4900864723 = {
						CreatedOnToolsVersion = 8.2.1;
						DevelopmentTeam = 255A692Y6K;
						ProvisioningStyle = Automatic;
						TestTargetID = 59F147401E648A1C00864723;
					};
				};
			};
			buildConfigurationList = 59F1473C1E648A1C00864723 /* Build configuration list for PBXProject "Mini Chamber" */;
			compatibilityVersion = "Xcode 3.2";
			developmentRegion = English;
			hasScannedForEncodings = 0;
			knownRegions = (
				en,
				Base,
			);
			mainGroup = 59F147381E648A1C00864723;
			productRefGroup = 59F147421E648A2000864723 /* Products */;
			projectDirPath = "";
			projectRoot = "";
			targets = (
				59F147401E648A1C00864723 /* Mini Chamber */,
				59F147541E648A4500864723 /* Mini ChamberTests */,
				59F1475F1E648A4900864723 /* Mini ChamberUITests */,
			);
		};
/* End PBXProject section */

/* Begin PBXResourcesBuildPhase section */
		59F1473F1E648A1C00864723 /* Resources */ = {
			isa = PBXResourcesBuildPhase;
			buildActionMask = 2147483647;
			files = (
				594A55271E817D75006CC5EE /* MiniChamber Background.png in Resources */,
				5958C4DB1E8BFD78008D7767 /* Headphone Icon 4.png in Resources */,
				594A55311E819874006CC5EE /* Mini Chamber.png in Resources */,
				594A55291E817D89006CC5EE /* lora in Resources */,
				594A552B1E819481006CC5EE /* OP presents II.png in Resources */,
				59F1474F1E648A3500864723 /* LaunchScreen.storyboard in Resources */,
				59F1474C1E648A3200864723 /* Assets.xcassets in Resources */,
				59F1474A1E648A2700864723 /* Main.storyboard in Resources */,
			);
			runOnlyForDeploymentPostprocessing = 0;
		};
		59F147531E648A4500864723 /* Resources */ = {
			isa = PBXResourcesBuildPhase;
			buildActionMask = 2147483647;
			files = (
			);
			runOnlyForDeploymentPostprocessing = 0;
		};
		59F1475E1E648A4900864723 /* Resources */ = {
			isa = PBXResourcesBuildPhase;
			buildActionMask = 2147483647;
			files = (
			);
			runOnlyForDeploymentPostprocessing = 0;
		};
/* End PBXResourcesBuildPhase section */

/* Begin PBXSourcesBuildPhase section */
		59F1473D1E648A1C00864723 /* Sources */ = {
			isa = PBXSourcesBuildPhase;
			buildActionMask = 2147483647;
			files = (
				596747AF1EA137E6001529FA /* RecordVC.swift in Sources */,
				59D6AA021E953C6F0049DA8E /* RoundButton.swift in Sources */,
				59F147471E648A2200864723 /* ViewController.swift in Sources */,
				59F147451E648A2200864723 /* AppDelegate.swift in Sources */,
				594A55251E81517B006CC5EE /* MiniChamberVC.swift in Sources */,
			);
			runOnlyForDeploymentPostprocessing = 0;
		};
		59F147511E648A4500864723 /* Sources */ = {
			isa = PBXSourcesBuildPhase;
			buildActionMask = 2147483647;
			files = (
				59F1475A1E648A4600864723 /* Mini_ChamberTests.swift in Sources */,
			);
			runOnlyForDeploymentPostprocessing = 0;
		};
		59F1475C1E648A4900864723 /* Sources */ = {
			isa = PBXSourcesBuildPhase;
			buildActionMask = 2147483647;
			files = (
				59F147651E648A4900864723 /* Mini_ChamberUITests.swift in Sources */,
			);
			runOnlyForDeploymentPostprocessing = 0;
		};
/* End PBXSourcesBuildPhase section */

/* Begin PBXTargetDependency section */
		59F147571E648A4500864723 /* PBXTargetDependency */ = {
			isa = PBXTargetDependency;
			target = 59F147401E648A1C00864723 /* Mini Chamber */;
			targetProxy = 59F147561E648A4500864723 /* PBXContainerItemProxy */;
		};
		59F147621E648A4900864723 /* PBXTargetDependency */ = {
			isa = PBXTargetDependency;
			target = 59F147401E648A1C00864723 /* Mini Chamber */;
			targetProxy = 59F147611E648A4900864723 /* PBXContainerItemProxy */;
		};
/* End PBXTargetDependency section */

/* Begin PBXVariantGroup section */
		59F147481E648A2700864723 /* Main.storyboard */ = {
			isa = PBXVariantGroup;
			children = (
				59F147491E648A2700864723 /* Base */,
			);
			name = Main.storyboard;
			sourceTree = "<group>";
		};
		59F1474D1E648A3500864723 /* LaunchScreen.storyboard */ = {
			isa = PBXVariantGroup;
			children = (
				59F1474E1E648A3500864723 /* Base */,
			);
			name = LaunchScreen.storyboard;
			sourceTree = "<group>";
		};
/* End PBXVariantGroup section */

/* Begin XCBuildConfiguration section */
		59F147671E648A4900864723 /* Debug */ = {
			isa = XCBuildConfiguration;
			buildSettings = {
				ALWAYS_SEARCH_USER_PATHS = NO;
				CLANG_ANALYZER_NONNULL = YES;
				CLANG_CXX_LANGUAGE_STANDARD = "gnu++0x";
				CLANG_CXX_LIBRARY = "libc++";
				CLANG_ENABLE_MODULES = YES;
				CLANG_ENABLE_OBJC_ARC = YES;
				CLANG_WARN_BOOL_CONVERSION = YES;
				CLANG_WARN_CONSTANT_CONVERSION = YES;
				CLANG_WARN_DIRECT_OBJC_ISA_USAGE = YES_ERROR;
				CLANG_WARN_DOCUMENTATION_COMMENTS = YES;
				CLANG_WARN_EMPTY_BODY = YES;
				CLANG_WARN_ENUM_CONVERSION = YES;
				CLANG_WARN_INFINITE_RECURSION = YES;
				CLANG_WARN_INT_CONVERSION = YES;
				CLANG_WARN_OBJC_ROOT_CLASS = YES_ERROR;
				CLANG_WARN_SUSPICIOUS_MOVE = YES;
				CLANG_WARN_UNREACHABLE_CODE = YES;
				CLANG_WARN__DUPLICATE_METHOD_MATCH = YES;
				"CODE_SIGN_IDENTITY[sdk=iphoneos*]" = "iPhone Developer";
				COPY_PHASE_STRIP = NO;
				DEBUG_INFORMATION_FORMAT = dwarf;
				ENABLE_STRICT_OBJC_MSGSEND = YES;
				ENABLE_TESTABILITY = YES;
				GCC_C_LANGUAGE_STANDARD = gnu99;
				GCC_DYNAMIC_NO_PIC = NO;
				GCC_NO_COMMON_BLOCKS = YES;
				GCC_OPTIMIZATION_LEVEL = 0;
				GCC_PREPROCESSOR_DEFINITIONS = (
					"DEBUG=1",
					"$(inherited)",
				);
				GCC_WARN_64_TO_32_BIT_CONVERSION = YES;
				GCC_WARN_ABOUT_RETURN_TYPE = YES_ERROR;
				GCC_WARN_UNDECLARED_SELECTOR = YES;
				GCC_WARN_UNINITIALIZED_AUTOS = YES_AGGRESSIVE;
				GCC_WARN_UNUSED_FUNCTION = YES;
				GCC_WARN_UNUSED_VARIABLE = YES;
				IPHONEOS_DEPLOYMENT_TARGET = 10.2;
				MTL_ENABLE_DEBUG_INFO = YES;
				ONLY_ACTIVE_ARCH = YES;
				SDKROOT = iphoneos;
				SWIFT_ACTIVE_COMPILATION_CONDITIONS = DEBUG;
				SWIFT_OPTIMIZATION_LEVEL = "-Onone";
				TARGETED_DEVICE_FAMILY = "1,2";
			};
			name = Debug;
		};
		59F147681E648A4900864723 /* Release */ = {
			isa = XCBuildConfiguration;
			buildSettings = {
				ALWAYS_SEARCH_USER_PATHS = NO;
				CLANG_ANALYZER_NONNULL = YES;
				CLANG_CXX_LANGUAGE_STANDARD = "gnu++0x";
				CLANG_CXX_LIBRARY = "libc++";
				CLANG_ENABLE_MODULES = YES;
				CLANG_ENABLE_OBJC_ARC = YES;
				CLANG_WARN_BOOL_CONVERSION = YES;
				CLANG_WARN_CONSTANT_CONVERSION = YES;
				CLANG_WARN_DIRECT_OBJC_ISA_USAGE = YES_ERROR;
				CLANG_WARN_DOCUMENTATION_COMMENTS = YES;
				CLANG_WARN_EMPTY_BODY = YES;
				CLANG_WARN_ENUM_CONVERSION = YES;
				CLANG_WARN_INFINITE_RECURSION = YES;
				CLANG_WARN_INT_CONVERSION = YES;
				CLANG_WARN_OBJC_ROOT_CLASS = YES_ERROR;
				CLANG_WARN_SUSPICIOUS_MOVE = YES;
				CLANG_WARN_UNREACHABLE_CODE = YES;
				CLANG_WARN__DUPLICATE_METHOD_MATCH = YES;
				"CODE_SIGN_IDENTITY[sdk=iphoneos*]" = "iPhone Developer";
				COPY_PHASE_STRIP = NO;
				DEBUG_INFORMATION_FORMAT = "dwarf-with-dsym";
				ENABLE_NS_ASSERTIONS = NO;
				ENABLE_STRICT_OBJC_MSGSEND = YES;
				GCC_C_LANGUAGE_STANDARD = gnu99;
				GCC_NO_COMMON_BLOCKS = YES;
				GCC_WARN_64_TO_32_BIT_CONVERSION = YES;
				GCC_WARN_ABOUT_RETURN_TYPE = YES_ERROR;
				GCC_WARN_UNDECLARED_SELECTOR = YES;
				GCC_WARN_UNINITIALIZED_AUTOS = YES_AGGRESSIVE;
				GCC_WARN_UNUSED_FUNCTION = YES;
				GCC_WARN_UNUSED_VARIABLE = YES;
				IPHONEOS_DEPLOYMENT_TARGET = 10.2;
				MTL_ENABLE_DEBUG_INFO = NO;
				SDKROOT = iphoneos;
				SWIFT_OPTIMIZATION_LEVEL = "-Owholemodule";
				TARGETED_DEVICE_FAMILY = "1,2";
				VALIDATE_PRODUCT = YES;
			};
			name = Release;
		};
		59F1476A1E648A4900864723 /* Debug */ = {
			isa = XCBuildConfiguration;
			buildSettings = {
				ASSETCATALOG_COMPILER_APPICON_NAME = AppIcon;
				DEVELOPMENT_TEAM = 255A692Y6K;
				FRAMEWORK_SEARCH_PATHS = (
					"$(inherited)",
					"$(PROJECT_DIR)",
				);
				INFOPLIST_FILE = "Mini Chamber/Info.plist";
				LD_RUNPATH_SEARCH_PATHS = "$(inherited) @executable_path/Frameworks";
				PRODUCT_BUNDLE_IDENTIFIER = "com.omarperacha.Mini-Chamber";
				PRODUCT_NAME = "$(TARGET_NAME)";
				SWIFT_VERSION = 3.0;
			};
			name = Debug;
		};
		59F1476B1E648A4900864723 /* Release */ = {
			isa = XCBuildConfiguration;
			buildSettings = {
				ASSETCATALOG_COMPILER_APPICON_NAME = AppIcon;
				DEVELOPMENT_TEAM = 255A692Y6K;
				FRAMEWORK_SEARCH_PATHS = (
					"$(inherited)",
					"$(PROJECT_DIR)",
				);
				INFOPLIST_FILE = "Mini Chamber/Info.plist";
				LD_RUNPATH_SEARCH_PATHS = "$(inherited) @executable_path/Frameworks";
				PRODUCT_BUNDLE_IDENTIFIER = "com.omarperacha.Mini-Chamber";
				PRODUCT_NAME = "$(TARGET_NAME)";
				SWIFT_VERSION = 3.0;
			};
			name = Release;
		};
		59F1476D1E648A4900864723 /* Debug */ = {
			isa = XCBuildConfiguration;
			buildSettings = {
				ALWAYS_EMBED_SWIFT_STANDARD_LIBRARIES = YES;
				BUNDLE_LOADER = "$(TEST_HOST)";
				DEVELOPMENT_TEAM = 255A692Y6K;
				INFOPLIST_FILE = "Mini ChamberTests/Info.plist";
				LD_RUNPATH_SEARCH_PATHS = "$(inherited) @executable_path/Frameworks @loader_path/Frameworks";
				PRODUCT_BUNDLE_IDENTIFIER = "com.omarperacha.Mini-ChamberTests";
				PRODUCT_NAME = "$(TARGET_NAME)";
				SWIFT_VERSION = 3.0;
				TEST_HOST = "$(BUILT_PRODUCTS_DIR)/Mini Chamber.app/Mini Chamber";
			};
			name = Debug;
		};
		59F1476E1E648A4900864723 /* Release */ = {
			isa = XCBuildConfiguration;
			buildSettings = {
				ALWAYS_EMBED_SWIFT_STANDARD_LIBRARIES = YES;
				BUNDLE_LOADER = "$(TEST_HOST)";
				DEVELOPMENT_TEAM = 255A692Y6K;
				INFOPLIST_FILE = "Mini ChamberTests/Info.plist";
				LD_RUNPATH_SEARCH_PATHS = "$(inherited) @executable_path/Frameworks @loader_path/Frameworks";
				PRODUCT_BUNDLE_IDENTIFIER = "com.omarperacha.Mini-ChamberTests";
				PRODUCT_NAME = "$(TARGET_NAME)";
				SWIFT_VERSION = 3.0;
				TEST_HOST = "$(BUILT_PRODUCTS_DIR)/Mini Chamber.app/Mini Chamber";
			};
			name = Release;
		};
		59F147701E648A4900864723 /* Debug */ = {
			isa = XCBuildConfiguration;
			buildSettings = {
				ALWAYS_EMBED_SWIFT_STANDARD_LIBRARIES = YES;
				DEVELOPMENT_TEAM = 255A692Y6K;
				INFOPLIST_FILE = "Mini ChamberUITests/Info.plist";
				LD_RUNPATH_SEARCH_PATHS = "$(inherited) @executable_path/Frameworks @loader_path/Frameworks";
				PRODUCT_BUNDLE_IDENTIFIER = "com.omarperacha.Mini-ChamberUITests";
				PRODUCT_NAME = "$(TARGET_NAME)";
				SWIFT_VERSION = 3.0;
				TEST_TARGET_NAME = "Mini Chamber";
			};
			name = Debug;
		};
		59F147711E648A4900864723 /* Release */ = {
			isa = XCBuildConfiguration;
			buildSettings = {
				ALWAYS_EMBED_SWIFT_STANDARD_LIBRARIES = YES;
				DEVELOPMENT_TEAM = 255A692Y6K;
				INFOPLIST_FILE = "Mini ChamberUITests/Info.plist";
				LD_RUNPATH_SEARCH_PATHS = "$(inherited) @executable_path/Frameworks @loader_path/Frameworks";
				PRODUCT_BUNDLE_IDENTIFIER = "com.omarperacha.Mini-ChamberUITests";
				PRODUCT_NAME = "$(TARGET_NAME)";
				SWIFT_VERSION = 3.0;
				TEST_TARGET_NAME = "Mini Chamber";
			};
			name = Release;
		};
/* End XCBuildConfiguration section */

/* Begin XCConfigurationList section */
		59F1473C1E648A1C00864723 /* Build configuration list for PBXProject "Mini Chamber" */ = {
			isa = XCConfigurationList;
			buildConfigurations = (
				59F147671E648A4900864723 /* Debug */,
				59F147681E648A4900864723 /* Release */,
			);
			defaultConfigurationIsVisible = 0;
			defaultConfigurationName = Release;
		};
		59F147691E648A4900864723 /* Build configuration list for PBXNativeTarget "Mini Chamber" */ = {
			isa = XCConfigurationList;
			buildConfigurations = (
				59F1476A1E648A4900864723 /* Debug */,
				59F1476B1E648A4900864723 /* Release */,
			);
			defaultConfigurationIsVisible = 0;
			defaultConfigurationName = Release;
		};
		59F1476C1E648A4900864723 /* Build configuration list for PBXNativeTarget "Mini ChamberTests" */ = {
			isa = XCConfigurationList;
			buildConfigurations = (
				59F1476D1E648A4900864723 /* Debug */,
				59F1476E1E648A4900864723 /* Release */,
			);
			defaultConfigurationIsVisible = 0;
			defaultConfigurationName = Release;
		};
		59F1476F1E648A4900864723 /* Build configuration list for PBXNativeTarget "Mini ChamberUITests" */ = {
			isa = XCConfigurationList;
			buildConfigurations = (
				59F147701E648A4900864723 /* Debug */,
				59F147711E648A4900864723 /* Release */,
			);
			defaultConfigurationIsVisible = 0;
			defaultConfigurationName = Release;
		};
/* End XCConfigurationList section */
	};
	rootObject = 59F147391E648A1C00864723 /* Project object */;
}
